{
  "object": {
    "pins": [
      {
        "package": "CRuntime",
        "repositoryURL": "https://github.com/wickwirew/CRuntime.git",
        "state": {
          "branch": null,
          "revision": "95f911318d8c885f6fc05e971471f94adfd39405",
          "version": "2.1.2"
        }
      },
      {
        "package": "FilesProvider",
        "repositoryURL": "https://github.com/amosavian/FileProvider.git",
        "state": {
          "branch": null,
          "revision": "abf68a62541a4193c8d106367ddb3648e8ab693f",
          "version": "0.26.0"
        }
      },
      {
        "package": "Guaka",
        "repositoryURL": "https://github.com/oarrabi/Guaka.git",
        "state": {
          "branch": null,
          "revision": "6fb29b2378166a30d72120980e1c099c664598de",
          "version": "0.4.1"
        }
      },
      {
        "package": "Kanna",
        "repositoryURL": "https://github.com/tid-kijyun/Kanna.git",
        "state": {
          "branch": null,
          "revision": "609367a2cd84827a33383cf7923cb4fe8f69ee0a",
          "version": "5.2.2"
        }
      },
      {
        "package": "PerfectPython",
        "repositoryURL": "https://github.com/PerfectlySoft/Perfect-Python.git",
        "state": {
          "branch": null,
          "revision": "764a85d6fee5c42701d9b2fca6e30fa921361ae4",
          "version": "3.2.0"
        }
      },
      {
        "package": "Runtime",
        "repositoryURL": "https://github.com/wickwirew/Runtime.git",
        "state": {
          "branch": null,
          "revision": "61c9776f47d2951bdc562486ad348e5e1ca2e180",
          "version": "2.1.1"
        }
      },
      {
        "package": "SemanticUI",
        "repositoryURL": "https://github.com/SwiftWebResources/SemanticUI-Swift.git",
        "state": {
          "branch": null,
          "revision": "eaa40d8f7c01e1aad896fb8747edd3a1b71dc41a",
          "version": "2.3.4"
        }
      },
      {
        "package": "StringScanner",
        "repositoryURL": "https://github.com/getGuaka/StringScanner.git",
        "state": {
          "branch": null,
          "revision": "de1685ad202cb586d626ed52d6de904dd34189f3",
          "version": "0.4.1"
        }
      },
      {
        "package": "swift-argument-parser",
        "repositoryURL": "https://github.com/apple/swift-argument-parser.git",
        "state": {
          "branch": null,
          "revision": "3d79b2b5a2e5af52c14e462044702ea7728f5770",
          "version": "0.1.0"
        }
      },
      {
        "package": "swift-nio",
        "repositoryURL": "https://github.com/apple/swift-nio.git",
        "state": {
          "branch": null,
          "revision": "e208ab9555ffb5fefb58cb5cb17df0f9fe9ee47e",
          "version": "2.11.0"
        }
      },
      {
        "package": "SwiftWebUI",
        "repositoryURL": "https://github.com/SwiftWebUI/SwiftWebUI",
        "state": {
          "branch": null,
          "revision": "e3332cf39d3a81817f6862896ae3fe4dd8d94ced",
          "version": "0.2.1"
        }
      }
    ]
  },
  "version": 1
}
