{
  "object": {
    "pins": [
      {
        "package": "FilesProvider",
        "repositoryURL": "https://github.com/amosavian/FileProvider.git",
        "state": {
          "branch": null,
          "revision": "e72d7ff088b76204f150d1dce7fa5a83c4ae67ec",
          "version": "0.25.1"
        }
      }
    ]
  },
  "version": 1
}
